
Microsoft Visual Studio Solution File, Format Version 12.00
Project("{FAE04EC0-301F-11D3-BF4B-00C04F79EFBC}") = "BlazorTutorial", "BlazorTutorial\BlazorTutorial.csproj", "{D0BBFAAA-4E9F-4801-A2A4-96F3CF2997B8}"
EndProject
Global
	GlobalSection(SolutionConfigurationPlatforms) = preSolution
		Debug|Any CPU = Debug|Any CPU
		Release|Any CPU = Release|Any CPU
	EndGlobalSection
	GlobalSection(ProjectConfigurationPlatforms) = postSolution
		{D0BBFAAA-4E9F-4801-A2A4-96F3CF2997B8}.Debug|Any CPU.ActiveCfg = Debug|Any CPU
		{D0BBFAAA-4E9F-4801-A2A4-96F3CF2997B8}.Debug|Any CPU.Build.0 = Debug|Any CPU
		{D0BBFAAA-4E9F-4801-A2A4-96F3CF2997B8}.Release|Any CPU.ActiveCfg = Release|Any CPU
		{D0BBFAAA-4E9F-4801-A2A4-96F3CF2997B8}.Release|Any CPU.Build.0 = Release|Any CPU
	EndGlobalSection
EndGlobal
